
Microsoft Visual Studio Solution File, Format Version 12.00
# Visual Studio Version 16
VisualStudioVersion = 16.0.29519.181
MinimumVisualStudioVersion = 10.0.40219.1
Project("{9A19103F-16F7-4668-BE54-9A1E7A4F7556}") = "ArticleApp.Models", "ArticleApp.Models\ArticleApp.Models.csproj", "{4FB88A02-71FA-4283-B02E-91ED96AB24B4}"
EndProject
Project("{00D1A9C2-B5F0-4AF3-8072-F6C62B433612}") = "ArticleApp.SqlServer", "ArticleApp.SqlServer\ArticleApp.SqlServer.sqlproj", "{ABA9A0E8-AE72-495A-9C99-304400593A74}"
EndProject
Project("{9A19103F-16F7-4668-BE54-9A1E7A4F7556}") = "ArticleApp.Models.Tests", "ArticleApp.Models.Tests\ArticleApp.Models.Tests.csproj", "{9368421F-EF95-42AC-B6B1-FEF670E831D0}"
EndProject
Project("{FAE04EC0-301F-11D3-BF4B-00C04F79EFBC}") = "ArticleApp", "ArticleApp\ArticleApp.csproj", "{A0B67D13-82BB-45F7-80CB-C3CE4E0118DC}"
EndProject
Global
	GlobalSection(SolutionConfigurationPlatforms) = preSolution
		Debug|Any CPU = Debug|Any CPU
		Release|Any CPU = Release|Any CPU
	EndGlobalSection
	GlobalSection(ProjectConfigurationPlatforms) = postSolution
		{4FB88A02-71FA-4283-B02E-91ED96AB24B4}.Debug|Any CPU.ActiveCfg = Debug|Any CPU
		{4FB88A02-71FA-4283-B02E-91ED96AB24B4}.Debug|Any CPU.Build.0 = Debug|Any CPU
		{4FB88A02-71FA-4283-B02E-91ED96AB24B4}.Release|Any CPU.ActiveCfg = Release|Any CPU
		{4FB88A02-71FA-4283-B02E-91ED96AB24B4}.Release|Any CPU.Build.0 = Release|Any CPU
		{ABA9A0E8-AE72-495A-9C99-304400593A74}.Debug|Any CPU.ActiveCfg = Debug|Any CPU
		{ABA9A0E8-AE72-495A-9C99-304400593A74}.Debug|Any CPU.Build.0 = Debug|Any CPU
		{ABA9A0E8-AE72-495A-9C99-304400593A74}.Debug|Any CPU.Deploy.0 = Debug|Any CPU
		{ABA9A0E8-AE72-495A-9C99-304400593A74}.Release|Any CPU.ActiveCfg = Release|Any CPU
		{ABA9A0E8-AE72-495A-9C99-304400593A74}.Release|Any CPU.Build.0 = Release|Any CPU
		{ABA9A0E8-AE72-495A-9C99-304400593A74}.Release|Any CPU.Deploy.0 = Release|Any CPU
		{9368421F-EF95-42AC-B6B1-FEF670E831D0}.Debug|Any CPU.ActiveCfg = Debug|Any CPU
		{9368421F-EF95-42AC-B6B1-FEF670E831D0}.Debug|Any CPU.Build.0 = Debug|Any CPU
		{9368421F-EF95-42AC-B6B1-FEF670E831D0}.Release|Any CPU.ActiveCfg = Release|Any CPU
		{9368421F-EF95-42AC-B6B1-FEF670E831D0}.Release|Any CPU.Build.0 = Release|Any CPU
		{A0B67D13-82BB-45F7-80CB-C3CE4E0118DC}.Debug|Any CPU.ActiveCfg = Debug|Any CPU
		{A0B67D13-82BB-45F7-80CB-C3CE4E0118DC}.Debug|Any CPU.Build.0 = Debug|Any CPU
		{A0B67D13-82BB-45F7-80CB-C3CE4E0118DC}.Release|Any CPU.ActiveCfg = Release|Any CPU
		{A0B67D13-82BB-45F7-80CB-C3CE4E0118DC}.Release|Any CPU.Build.0 = Release|Any CPU
	EndGlobalSection
	GlobalSection(SolutionProperties) = preSolution
		HideSolutionNode = FALSE
	EndGlobalSection
	GlobalSection(ExtensibilityGlobals) = postSolution
		SolutionGuid = {C12F16D2-9C7D-4B3B-8EAC-DAE1C62A85AC}
	EndGlobalSection
EndGlobal
